Microsoft Visual Studio Solution File, Format Version 12.00
# Visual Studio Version 16
VisualStudioVersion = 16.0.29409.12
MinimumVisualStudioVersion = 10.0.40219.1
Project("{9A19103F-16F7-4668-BE54-9A1E7A4F7556}") = "SunamoNTextCat", "SunamoNTextCat\SunamoNTextCat.csproj", "{2AEE73E8-2FC4-456F-9684-32CA549A1DEC}"
EndProject
Project("{9A19103F-16F7-4668-BE54-9A1E7A4F7556}") = "SunamoTranslate", "SunamoTranslate\SunamoTranslate.csproj", "{E86B6DF4-4ABA-4ADA-979B-6114B1A10BAB}"
EndProject
Project("{9A19103F-16F7-4668-BE54-9A1E7A4F7556}") = "SunamoYt", "SunamoYt\SunamoYt.csproj", "{DD0A1FFE-93D0-4AED-972D-930A09E51D4E}"
EndProject
Project("{FAE04EC0-301F-11D3-BF4B-00C04F79EFBC}") = "sunamo", "..\sunamo\sunamo\sunamo.csproj", "{F6F92307-B0B3-4D6C-BD9C-8B5FF5560DCF}"
EndProject
Project("{FAE04EC0-301F-11D3-BF4B-00C04F79EFBC}") = "shared", "..\sunamo\shared\shared.csproj", "{77719C0D-7C8B-4B9E-A644-AEE7CEB35134}"
EndProject
Project("{9A19103F-16F7-4668-BE54-9A1E7A4F7556}") = "SunamoSlnGen", "SunamoSlnGen\SunamoSlnGen.csproj", "{D8C7950E-81D1-4C18-B410-3646EA1DA53E}"
EndProject
Project("{FAE04EC0-301F-11D3-BF4B-00C04F79EFBC}") = "Xlf", "..\sunamo\Xlf\Xlf.csproj", "{00B76D22-B82F-43FD-AC48-4B1F56E6910F}"
EndProject
Project("{9A19103F-16F7-4668-BE54-9A1E7A4F7556}") = "duo", "..\sunamo\duo\duo.csproj", "{BB12D437-BB0E-4D82-908A-9B57CE2369A0}"
EndProject
Project("{9A19103F-16F7-4668-BE54-9A1E7A4F7556}") = "Resources", "..\sunamo\Resources\Resources.csproj", "{BE15F41F-8F1F-4664-B8E3-5C207FA5D1F2}"
EndProject
Project("{FAE04EC0-301F-11D3-BF4B-00C04F79EFBC}") = "fmdev.ResX", "..\sunamo.notmine\fmdev.ResX\fmdev.ResX.csproj", "{5D60E7EB-E392-4814-ACC1-AD9D660E7AFC}"
EndProject
Project("{FAE04EC0-301F-11D3-BF4B-00C04F79EFBC}") = "XliffParser", "..\sunamo.notmine\XliffParser\XliffParser.csproj", "{A898203E-DE7F-49C2-BBEC-F8311D55991D}"
EndProject
Project("{FAE04EC0-301F-11D3-BF4B-00C04F79EFBC}") = "SunamoExceptions", "..\sunamoWithoutDep\SunamoExceptions\SunamoExceptions.csproj", "{79C0AF4D-BB45-4FA3-8781-8F5F248718CF}"
EndProject
Project("{FAE04EC0-301F-11D3-BF4B-00C04F79EFBC}") = "SunamoCode", "..\sunamo\SunamoCode\SunamoCode.csproj", "{057B4CF0-3B75-4520-BC2D-C02E92762968}"
EndProject
Project("{FAE04EC0-301F-11D3-BF4B-00C04F79EFBC}") = "extensions", "..\sunamo\extensions\extensions.csproj", "{F432D5A1-C8A4-4C75-A672-B2404DE6E4C0}"
EndProject
Project("{FAE04EC0-301F-11D3-BF4B-00C04F79EFBC}") = "SunamoCSharp", "..\sunamo\SunamoCSharp\SunamoCSharp.csproj", "{F1D72DA4-1604-487E-B63E-54C95064B835}"
EndProject
Project("{FAE04EC0-301F-11D3-BF4B-00C04F79EFBC}") = "SlnGen.Common.sunamo", "..\sunamo.notmine\SlnGen.Common\SlnGen.Common.sunamo.csproj", "{34C49E3D-7309-4890-8058-2FDEBD28E781}"
EndProject
Project("{FAE04EC0-301F-11D3-BF4B-00C04F79EFBC}") = "cl", "..\sunamoWithoutDep\cl\cl.csproj", "{C8F4B088-0338-4A3D-9136-E31925D8E879}"
EndProject
Project("{FAE04EC0-301F-11D3-BF4B-00C04F79EFBC}") = "SunamoBitLocker", "..\sunamoWithoutDep\SunamoBitLocker\SunamoBitLocker.csproj", "{7CD2ABA3-77C0-46CE-86C9-89563EC48A5E}"
EndProject
Project("{9A19103F-16F7-4668-BE54-9A1E7A4F7556}") = "shared", "..\sunamo\shared\shared.csproj", "{77719C0D-7C8B-4B9E-A644-AEE7CEB35134}"
EndProject
Project("{FAE04EC0-301F-11D3-BF4B-00C04F79EFBC}") = "FubuCsProjFile", "..\sunamo.notmine\FubuCsProjFile\FubuCsProjFile.csproj", "{1410C4F4-A7C5-40B3-8693-50D3E84ACEA8}"
EndProject
Global
	GlobalSection(SolutionConfigurationPlatforms) = preSolution
		Debug|Any CPU = Debug|Any CPU
		Debug|x64 = Debug|x64
		Debug|x86 = Debug|x86
		Release|Any CPU = Release|Any CPU
		Release|x64 = Release|x64
		Release|x86 = Release|x86
	EndGlobalSection
	GlobalSection(ProjectConfigurationPlatforms) = postSolution
		{2AEE73E8-2FC4-456F-9684-32CA549A1DEC}.Debug|Any CPU.ActiveCfg = Debug|Any CPU
		{2AEE73E8-2FC4-456F-9684-32CA549A1DEC}.Debug|Any CPU.Build.0 = Debug|Any CPU
		{2AEE73E8-2FC4-456F-9684-32CA549A1DEC}.Debug|x64.ActiveCfg = Debug|x64
		{2AEE73E8-2FC4-456F-9684-32CA549A1DEC}.Debug|x64.Build.0 = Debug|x64
		{2AEE73E8-2FC4-456F-9684-32CA549A1DEC}.Debug|x86.ActiveCfg = Debug|x86
		{2AEE73E8-2FC4-456F-9684-32CA549A1DEC}.Debug|x86.Build.0 = Debug|x86
		{2AEE73E8-2FC4-456F-9684-32CA549A1DEC}.Release|Any CPU.ActiveCfg = Release|Any CPU
		{2AEE73E8-2FC4-456F-9684-32CA549A1DEC}.Release|Any CPU.Build.0 = Release|Any CPU
		{2AEE73E8-2FC4-456F-9684-32CA549A1DEC}.Release|x64.ActiveCfg = Release|x64
		{2AEE73E8-2FC4-456F-9684-32CA549A1DEC}.Release|x64.Build.0 = Release|x64
		{2AEE73E8-2FC4-456F-9684-32CA549A1DEC}.Release|x86.ActiveCfg = Release|x86
		{2AEE73E8-2FC4-456F-9684-32CA549A1DEC}.Release|x86.Build.0 = Release|x86
		{E86B6DF4-4ABA-4ADA-979B-6114B1A10BAB}.Debug|Any CPU.ActiveCfg = Debug|Any CPU
		{E86B6DF4-4ABA-4ADA-979B-6114B1A10BAB}.Debug|Any CPU.Build.0 = Debug|Any CPU
		{E86B6DF4-4ABA-4ADA-979B-6114B1A10BAB}.Debug|x64.ActiveCfg = Debug|x64
		{E86B6DF4-4ABA-4ADA-979B-6114B1A10BAB}.Debug|x64.Build.0 = Debug|x64
		{E86B6DF4-4ABA-4ADA-979B-6114B1A10BAB}.Debug|x86.ActiveCfg = Debug|x86
		{E86B6DF4-4ABA-4ADA-979B-6114B1A10BAB}.Debug|x86.Build.0 = Debug|x86
		{E86B6DF4-4ABA-4ADA-979B-6114B1A10BAB}.Release|Any CPU.ActiveCfg = Release|Any CPU
		{E86B6DF4-4ABA-4ADA-979B-6114B1A10BAB}.Release|Any CPU.Build.0 = Release|Any CPU
		{E86B6DF4-4ABA-4ADA-979B-6114B1A10BAB}.Release|x64.ActiveCfg = Release|x64
		{E86B6DF4-4ABA-4ADA-979B-6114B1A10BAB}.Release|x64.Build.0 = Release|x64
		{E86B6DF4-4ABA-4ADA-979B-6114B1A10BAB}.Release|x86.ActiveCfg = Release|x86
		{E86B6DF4-4ABA-4ADA-979B-6114B1A10BAB}.Release|x86.Build.0 = Release|x86
		{DD0A1FFE-93D0-4AED-972D-930A09E51D4E}.Debug|Any CPU.ActiveCfg = Debug|Any CPU
		{DD0A1FFE-93D0-4AED-972D-930A09E51D4E}.Debug|Any CPU.Build.0 = Debug|Any CPU
		{DD0A1FFE-93D0-4AED-972D-930A09E51D4E}.Debug|x64.ActiveCfg = Debug|x64
		{DD0A1FFE-93D0-4AED-972D-930A09E51D4E}.Debug|x64.Build.0 = Debug|x64
		{DD0A1FFE-93D0-4AED-972D-930A09E51D4E}.Debug|x86.ActiveCfg = Debug|x86
		{DD0A1FFE-93D0-4AED-972D-930A09E51D4E}.Debug|x86.Build.0 = Debug|x86
		{DD0A1FFE-93D0-4AED-972D-930A09E51D4E}.Release|Any CPU.ActiveCfg = Release|Any CPU
		{DD0A1FFE-93D0-4AED-972D-930A09E51D4E}.Release|Any CPU.Build.0 = Release|Any CPU
		{DD0A1FFE-93D0-4AED-972D-930A09E51D4E}.Release|x64.ActiveCfg = Release|x64
		{DD0A1FFE-93D0-4AED-972D-930A09E51D4E}.Release|x64.Build.0 = Release|x64
		{DD0A1FFE-93D0-4AED-972D-930A09E51D4E}.Release|x86.ActiveCfg = Release|x86
		{DD0A1FFE-93D0-4AED-972D-930A09E51D4E}.Release|x86.Build.0 = Release|x86
		{F6F92307-B0B3-4D6C-BD9C-8B5FF5560DCF}.Debug|Any CPU.ActiveCfg = Debug|Any CPU
		{F6F92307-B0B3-4D6C-BD9C-8B5FF5560DCF}.Debug|Any CPU.Build.0 = Debug|Any CPU
		{F6F92307-B0B3-4D6C-BD9C-8B5FF5560DCF}.Debug|x64.ActiveCfg = Debug|x64
		{F6F92307-B0B3-4D6C-BD9C-8B5FF5560DCF}.Debug|x64.Build.0 = Debug|x64
		{F6F92307-B0B3-4D6C-BD9C-8B5FF5560DCF}.Debug|x86.ActiveCfg = Debug|x86
		{F6F92307-B0B3-4D6C-BD9C-8B5FF5560DCF}.Debug|x86.Build.0 = Debug|x86
		{F6F92307-B0B3-4D6C-BD9C-8B5FF5560DCF}.Release|Any CPU.ActiveCfg = Release|Any CPU
		{F6F92307-B0B3-4D6C-BD9C-8B5FF5560DCF}.Release|Any CPU.Build.0 = Release|Any CPU
		{F6F92307-B0B3-4D6C-BD9C-8B5FF5560DCF}.Release|x64.ActiveCfg = Release|x64
		{F6F92307-B0B3-4D6C-BD9C-8B5FF5560DCF}.Release|x64.Build.0 = Release|x64
		{F6F92307-B0B3-4D6C-BD9C-8B5FF5560DCF}.Release|x86.ActiveCfg = Release|x86
		{F6F92307-B0B3-4D6C-BD9C-8B5FF5560DCF}.Release|x86.Build.0 = Release|x86
		{77719C0D-7C8B-4B9E-A644-AEE7CEB35134}.Debug|Any CPU.ActiveCfg = Debug|Any CPU
		{77719C0D-7C8B-4B9E-A644-AEE7CEB35134}.Debug|Any CPU.Build.0 = Debug|Any CPU
		{77719C0D-7C8B-4B9E-A644-AEE7CEB35134}.Debug|x64.ActiveCfg = Debug|x64
		{77719C0D-7C8B-4B9E-A644-AEE7CEB35134}.Debug|x64.Build.0 = Debug|x64
		{77719C0D-7C8B-4B9E-A644-AEE7CEB35134}.Debug|x86.ActiveCfg = Debug|x86
		{77719C0D-7C8B-4B9E-A644-AEE7CEB35134}.Debug|x86.Build.0 = Debug|x86
		{77719C0D-7C8B-4B9E-A644-AEE7CEB35134}.Release|Any CPU.ActiveCfg = Release|Any CPU
		{77719C0D-7C8B-4B9E-A644-AEE7CEB35134}.Release|Any CPU.Build.0 = Release|Any CPU
		{77719C0D-7C8B-4B9E-A644-AEE7CEB35134}.Release|x64.ActiveCfg = Release|x64
		{77719C0D-7C8B-4B9E-A644-AEE7CEB35134}.Release|x64.Build.0 = Release|x64
		{77719C0D-7C8B-4B9E-A644-AEE7CEB35134}.Release|x86.ActiveCfg = Release|x86
		{77719C0D-7C8B-4B9E-A644-AEE7CEB35134}.Release|x86.Build.0 = Release|x86
		{D8C7950E-81D1-4C18-B410-3646EA1DA53E}.Debug|Any CPU.ActiveCfg = Debug|Any CPU
		{D8C7950E-81D1-4C18-B410-3646EA1DA53E}.Debug|Any CPU.Build.0 = Debug|Any CPU
		{D8C7950E-81D1-4C18-B410-3646EA1DA53E}.Debug|x64.ActiveCfg = Debug|x64
		{D8C7950E-81D1-4C18-B410-3646EA1DA53E}.Debug|x64.Build.0 = Debug|x64
		{D8C7950E-81D1-4C18-B410-3646EA1DA53E}.Debug|x86.ActiveCfg = Debug|x86
		{D8C7950E-81D1-4C18-B410-3646EA1DA53E}.Debug|x86.Build.0 = Debug|x86
		{D8C7950E-81D1-4C18-B410-3646EA1DA53E}.Release|Any CPU.ActiveCfg = Release|Any CPU
		{D8C7950E-81D1-4C18-B410-3646EA1DA53E}.Release|Any CPU.Build.0 = Release|Any CPU
		{D8C7950E-81D1-4C18-B410-3646EA1DA53E}.Release|x64.ActiveCfg = Release|x64
		{D8C7950E-81D1-4C18-B410-3646EA1DA53E}.Release|x64.Build.0 = Release|x64
		{D8C7950E-81D1-4C18-B410-3646EA1DA53E}.Release|x86.ActiveCfg = Release|x86
		{D8C7950E-81D1-4C18-B410-3646EA1DA53E}.Release|x86.Build.0 = Release|x86
		{00B76D22-B82F-43FD-AC48-4B1F56E6910F}.Debug|Any CPU.ActiveCfg = Debug|Any CPU
		{00B76D22-B82F-43FD-AC48-4B1F56E6910F}.Debug|Any CPU.Build.0 = Debug|Any CPU
		{00B76D22-B82F-43FD-AC48-4B1F56E6910F}.Debug|x64.ActiveCfg = Debug|x64
		{00B76D22-B82F-43FD-AC48-4B1F56E6910F}.Debug|x64.Build.0 = Debug|x64
		{00B76D22-B82F-43FD-AC48-4B1F56E6910F}.Debug|x86.ActiveCfg = Debug|x86
		{00B76D22-B82F-43FD-AC48-4B1F56E6910F}.Debug|x86.Build.0 = Debug|x86
		{00B76D22-B82F-43FD-AC48-4B1F56E6910F}.Release|Any CPU.ActiveCfg = Release|Any CPU
		{00B76D22-B82F-43FD-AC48-4B1F56E6910F}.Release|Any CPU.Build.0 = Release|Any CPU
		{00B76D22-B82F-43FD-AC48-4B1F56E6910F}.Release|x64.ActiveCfg = Release|x64
		{00B76D22-B82F-43FD-AC48-4B1F56E6910F}.Release|x64.Build.0 = Release|x64
		{00B76D22-B82F-43FD-AC48-4B1F56E6910F}.Release|x86.ActiveCfg = Release|x86
		{00B76D22-B82F-43FD-AC48-4B1F56E6910F}.Release|x86.Build.0 = Release|x86
		{BB12D437-BB0E-4D82-908A-9B57CE2369A0}.Debug|Any CPU.ActiveCfg = Debug|Any CPU
		{BB12D437-BB0E-4D82-908A-9B57CE2369A0}.Debug|Any CPU.Build.0 = Debug|Any CPU
		{BB12D437-BB0E-4D82-908A-9B57CE2369A0}.Debug|x64.ActiveCfg = Debug|x64
		{BB12D437-BB0E-4D82-908A-9B57CE2369A0}.Debug|x64.Build.0 = Debug|x64
		{BB12D437-BB0E-4D82-908A-9B57CE2369A0}.Debug|x86.ActiveCfg = Debug|x86
		{BB12D437-BB0E-4D82-908A-9B57CE2369A0}.Debug|x86.Build.0 = Debug|x86
		{BB12D437-BB0E-4D82-908A-9B57CE2369A0}.Release|Any CPU.ActiveCfg = Release|Any CPU
		{BB12D437-BB0E-4D82-908A-9B57CE2369A0}.Release|Any CPU.Build.0 = Release|Any CPU
		{BB12D437-BB0E-4D82-908A-9B57CE2369A0}.Release|x64.ActiveCfg = Release|x64
		{BB12D437-BB0E-4D82-908A-9B57CE2369A0}.Release|x64.Build.0 = Release|x64
		{BB12D437-BB0E-4D82-908A-9B57CE2369A0}.Release|x86.ActiveCfg = Release|x86
		{BB12D437-BB0E-4D82-908A-9B57CE2369A0}.Release|x86.Build.0 = Release|x86
		{BE15F41F-8F1F-4664-B8E3-5C207FA5D1F2}.Debug|Any CPU.ActiveCfg = Debug|Any CPU
		{BE15F41F-8F1F-4664-B8E3-5C207FA5D1F2}.Debug|Any CPU.Build.0 = Debug|Any CPU
		{BE15F41F-8F1F-4664-B8E3-5C207FA5D1F2}.Debug|x64.ActiveCfg = Debug|x64
		{BE15F41F-8F1F-4664-B8E3-5C207FA5D1F2}.Debug|x64.Build.0 = Debug|x64
		{BE15F41F-8F1F-4664-B8E3-5C207FA5D1F2}.Debug|x86.ActiveCfg = Debug|x86
		{BE15F41F-8F1F-4664-B8E3-5C207FA5D1F2}.Debug|x86.Build.0 = Debug|x86
		{BE15F41F-8F1F-4664-B8E3-5C207FA5D1F2}.Release|Any CPU.ActiveCfg = Release|Any CPU
		{BE15F41F-8F1F-4664-B8E3-5C207FA5D1F2}.Release|Any CPU.Build.0 = Release|Any CPU
		{BE15F41F-8F1F-4664-B8E3-5C207FA5D1F2}.Release|x64.ActiveCfg = Release|x64
		{BE15F41F-8F1F-4664-B8E3-5C207FA5D1F2}.Release|x64.Build.0 = Release|x64
		{BE15F41F-8F1F-4664-B8E3-5C207FA5D1F2}.Release|x86.ActiveCfg = Release|x86
		{BE15F41F-8F1F-4664-B8E3-5C207FA5D1F2}.Release|x86.Build.0 = Release|x86
		{5D60E7EB-E392-4814-ACC1-AD9D660E7AFC}.Debug|Any CPU.ActiveCfg = Debug|Any CPU
		{5D60E7EB-E392-4814-ACC1-AD9D660E7AFC}.Debug|Any CPU.Build.0 = Debug|Any CPU
		{5D60E7EB-E392-4814-ACC1-AD9D660E7AFC}.Debug|x64.ActiveCfg = Debug|x64
		{5D60E7EB-E392-4814-ACC1-AD9D660E7AFC}.Debug|x64.Build.0 = Debug|x64
		{5D60E7EB-E392-4814-ACC1-AD9D660E7AFC}.Debug|x86.ActiveCfg = Debug|x86
		{5D60E7EB-E392-4814-ACC1-AD9D660E7AFC}.Debug|x86.Build.0 = Debug|x86
		{5D60E7EB-E392-4814-ACC1-AD9D660E7AFC}.Release|Any CPU.ActiveCfg = Release|Any CPU
		{5D60E7EB-E392-4814-ACC1-AD9D660E7AFC}.Release|Any CPU.Build.0 = Release|Any CPU
		{5D60E7EB-E392-4814-ACC1-AD9D660E7AFC}.Release|x64.ActiveCfg = Release|x64
		{5D60E7EB-E392-4814-ACC1-AD9D660E7AFC}.Release|x64.Build.0 = Release|x64
		{5D60E7EB-E392-4814-ACC1-AD9D660E7AFC}.Release|x86.ActiveCfg = Release|x86
		{5D60E7EB-E392-4814-ACC1-AD9D660E7AFC}.Release|x86.Build.0 = Release|x86
		{A898203E-DE7F-49C2-BBEC-F8311D55991D}.Debug|Any CPU.ActiveCfg = Debug|Any CPU
		{A898203E-DE7F-49C2-BBEC-F8311D55991D}.Debug|Any CPU.Build.0 = Debug|Any CPU
		{A898203E-DE7F-49C2-BBEC-F8311D55991D}.Debug|x64.ActiveCfg = Debug|x64
		{A898203E-DE7F-49C2-BBEC-F8311D55991D}.Debug|x64.Build.0 = Debug|x64
		{A898203E-DE7F-49C2-BBEC-F8311D55991D}.Debug|x86.ActiveCfg = Debug|x86
		{A898203E-DE7F-49C2-BBEC-F8311D55991D}.Debug|x86.Build.0 = Debug|x86
		{A898203E-DE7F-49C2-BBEC-F8311D55991D}.Release|Any CPU.ActiveCfg = Release|Any CPU
		{A898203E-DE7F-49C2-BBEC-F8311D55991D}.Release|Any CPU.Build.0 = Release|Any CPU
		{A898203E-DE7F-49C2-BBEC-F8311D55991D}.Release|x64.ActiveCfg = Release|x64
		{A898203E-DE7F-49C2-BBEC-F8311D55991D}.Release|x64.Build.0 = Release|x64
		{A898203E-DE7F-49C2-BBEC-F8311D55991D}.Release|x86.ActiveCfg = Release|x86
		{A898203E-DE7F-49C2-BBEC-F8311D55991D}.Release|x86.Build.0 = Release|x86
		{79C0AF4D-BB45-4FA3-8781-8F5F248718CF}.Debug|Any CPU.ActiveCfg = Debug|Any CPU
		{79C0AF4D-BB45-4FA3-8781-8F5F248718CF}.Debug|Any CPU.Build.0 = Debug|Any CPU
		{79C0AF4D-BB45-4FA3-8781-8F5F248718CF}.Debug|x64.ActiveCfg = Debug|x64
		{79C0AF4D-BB45-4FA3-8781-8F5F248718CF}.Debug|x64.Build.0 = Debug|x64
		{79C0AF4D-BB45-4FA3-8781-8F5F248718CF}.Debug|x86.ActiveCfg = Debug|x86
		{79C0AF4D-BB45-4FA3-8781-8F5F248718CF}.Debug|x86.Build.0 = Debug|x86
		{79C0AF4D-BB45-4FA3-8781-8F5F248718CF}.Release|Any CPU.ActiveCfg = Release|Any CPU
		{79C0AF4D-BB45-4FA3-8781-8F5F248718CF}.Release|Any CPU.Build.0 = Release|Any CPU
		{79C0AF4D-BB45-4FA3-8781-8F5F248718CF}.Release|x64.ActiveCfg = Release|x64
		{79C0AF4D-BB45-4FA3-8781-8F5F248718CF}.Release|x64.Build.0 = Release|x64
		{79C0AF4D-BB45-4FA3-8781-8F5F248718CF}.Release|x86.ActiveCfg = Release|x86
		{79C0AF4D-BB45-4FA3-8781-8F5F248718CF}.Release|x86.Build.0 = Release|x86
		{057B4CF0-3B75-4520-BC2D-C02E92762968}.Debug|Any CPU.ActiveCfg = Debug|Any CPU
		{057B4CF0-3B75-4520-BC2D-C02E92762968}.Debug|Any CPU.Build.0 = Debug|Any CPU
		{057B4CF0-3B75-4520-BC2D-C02E92762968}.Debug|x64.ActiveCfg = Debug|x64
		{057B4CF0-3B75-4520-BC2D-C02E92762968}.Debug|x64.Build.0 = Debug|x64
		{057B4CF0-3B75-4520-BC2D-C02E92762968}.Debug|x86.ActiveCfg = Debug|x86
		{057B4CF0-3B75-4520-BC2D-C02E92762968}.Debug|x86.Build.0 = Debug|x86
		{057B4CF0-3B75-4520-BC2D-C02E92762968}.Release|Any CPU.ActiveCfg = Release|Any CPU
		{057B4CF0-3B75-4520-BC2D-C02E92762968}.Release|Any CPU.Build.0 = Release|Any CPU
		{057B4CF0-3B75-4520-BC2D-C02E92762968}.Release|x64.ActiveCfg = Release|x64
		{057B4CF0-3B75-4520-BC2D-C02E92762968}.Release|x64.Build.0 = Release|x64
		{057B4CF0-3B75-4520-BC2D-C02E92762968}.Release|x86.ActiveCfg = Release|x86
		{057B4CF0-3B75-4520-BC2D-C02E92762968}.Release|x86.Build.0 = Release|x86
		{F432D5A1-C8A4-4C75-A672-B2404DE6E4C0}.Debug|Any CPU.ActiveCfg = Debug|Any CPU
		{F432D5A1-C8A4-4C75-A672-B2404DE6E4C0}.Debug|Any CPU.Build.0 = Debug|Any CPU
		{F432D5A1-C8A4-4C75-A672-B2404DE6E4C0}.Debug|x64.ActiveCfg = Debug|x64
		{F432D5A1-C8A4-4C75-A672-B2404DE6E4C0}.Debug|x64.Build.0 = Debug|x64
		{F432D5A1-C8A4-4C75-A672-B2404DE6E4C0}.Debug|x86.ActiveCfg = Debug|x86
		{F432D5A1-C8A4-4C75-A672-B2404DE6E4C0}.Debug|x86.Build.0 = Debug|x86
		{F432D5A1-C8A4-4C75-A672-B2404DE6E4C0}.Release|Any CPU.ActiveCfg = Release|Any CPU
		{F432D5A1-C8A4-4C75-A672-B2404DE6E4C0}.Release|Any CPU.Build.0 = Release|Any CPU
		{F432D5A1-C8A4-4C75-A672-B2404DE6E4C0}.Release|x64.ActiveCfg = Release|x64
		{F432D5A1-C8A4-4C75-A672-B2404DE6E4C0}.Release|x64.Build.0 = Release|x64
		{F432D5A1-C8A4-4C75-A672-B2404DE6E4C0}.Release|x86.ActiveCfg = Release|x86
		{F432D5A1-C8A4-4C75-A672-B2404DE6E4C0}.Release|x86.Build.0 = Release|x86
		{F1D72DA4-1604-487E-B63E-54C95064B835}.Debug|Any CPU.ActiveCfg = Debug|Any CPU
		{F1D72DA4-1604-487E-B63E-54C95064B835}.Debug|Any CPU.Build.0 = Debug|Any CPU
		{F1D72DA4-1604-487E-B63E-54C95064B835}.Debug|x64.ActiveCfg = Debug|x64
		{F1D72DA4-1604-487E-B63E-54C95064B835}.Debug|x64.Build.0 = Debug|x64
		{F1D72DA4-1604-487E-B63E-54C95064B835}.Debug|x86.ActiveCfg = Debug|x86
		{F1D72DA4-1604-487E-B63E-54C95064B835}.Debug|x86.Build.0 = Debug|x86
		{F1D72DA4-1604-487E-B63E-54C95064B835}.Release|Any CPU.ActiveCfg = Release|Any CPU
		{F1D72DA4-1604-487E-B63E-54C95064B835}.Release|Any CPU.Build.0 = Release|Any CPU
		{F1D72DA4-1604-487E-B63E-54C95064B835}.Release|x64.ActiveCfg = Release|x64
		{F1D72DA4-1604-487E-B63E-54C95064B835}.Release|x64.Build.0 = Release|x64
		{F1D72DA4-1604-487E-B63E-54C95064B835}.Release|x86.ActiveCfg = Release|x86
		{F1D72DA4-1604-487E-B63E-54C95064B835}.Release|x86.Build.0 = Release|x86
		{34C49E3D-7309-4890-8058-2FDEBD28E781}.Debug|Any CPU.ActiveCfg = Debug|Any CPU
		{34C49E3D-7309-4890-8058-2FDEBD28E781}.Debug|Any CPU.Build.0 = Debug|Any CPU
		{34C49E3D-7309-4890-8058-2FDEBD28E781}.Debug|x64.ActiveCfg = Debug|x64
		{34C49E3D-7309-4890-8058-2FDEBD28E781}.Debug|x64.Build.0 = Debug|x64
		{34C49E3D-7309-4890-8058-2FDEBD28E781}.Debug|x86.ActiveCfg = Debug|x86
		{34C49E3D-7309-4890-8058-2FDEBD28E781}.Debug|x86.Build.0 = Debug|x86
		{34C49E3D-7309-4890-8058-2FDEBD28E781}.Release|Any CPU.ActiveCfg = Release|Any CPU
		{34C49E3D-7309-4890-8058-2FDEBD28E781}.Release|Any CPU.Build.0 = Release|Any CPU
		{34C49E3D-7309-4890-8058-2FDEBD28E781}.Release|x64.ActiveCfg = Release|x64
		{34C49E3D-7309-4890-8058-2FDEBD28E781}.Release|x64.Build.0 = Release|x64
		{34C49E3D-7309-4890-8058-2FDEBD28E781}.Release|x86.ActiveCfg = Release|x86
		{34C49E3D-7309-4890-8058-2FDEBD28E781}.Release|x86.Build.0 = Release|x86
		{C8F4B088-0338-4A3D-9136-E31925D8E879}.Debug|Any CPU.ActiveCfg = Debug|Any CPU
		{C8F4B088-0338-4A3D-9136-E31925D8E879}.Debug|Any CPU.Build.0 = Debug|Any CPU
		{C8F4B088-0338-4A3D-9136-E31925D8E879}.Debug|x64.ActiveCfg = Debug|x64
		{C8F4B088-0338-4A3D-9136-E31925D8E879}.Debug|x64.Build.0 = Debug|x64
		{C8F4B088-0338-4A3D-9136-E31925D8E879}.Debug|x86.ActiveCfg = Debug|x86
		{C8F4B088-0338-4A3D-9136-E31925D8E879}.Debug|x86.Build.0 = Debug|x86
		{C8F4B088-0338-4A3D-9136-E31925D8E879}.Release|Any CPU.ActiveCfg = Release|Any CPU
		{C8F4B088-0338-4A3D-9136-E31925D8E879}.Release|Any CPU.Build.0 = Release|Any CPU
		{C8F4B088-0338-4A3D-9136-E31925D8E879}.Release|x64.ActiveCfg = Release|x64
		{C8F4B088-0338-4A3D-9136-E31925D8E879}.Release|x64.Build.0 = Release|x64
		{C8F4B088-0338-4A3D-9136-E31925D8E879}.Release|x86.ActiveCfg = Release|x86
		{C8F4B088-0338-4A3D-9136-E31925D8E879}.Release|x86.Build.0 = Release|x86
		{7CD2ABA3-77C0-46CE-86C9-89563EC48A5E}.Debug|Any CPU.ActiveCfg = Debug|Any CPU
		{7CD2ABA3-77C0-46CE-86C9-89563EC48A5E}.Debug|Any CPU.Build.0 = Debug|Any CPU
		{7CD2ABA3-77C0-46CE-86C9-89563EC48A5E}.Debug|x64.ActiveCfg = Debug|x64
		{7CD2ABA3-77C0-46CE-86C9-89563EC48A5E}.Debug|x64.Build.0 = Debug|x64
		{7CD2ABA3-77C0-46CE-86C9-89563EC48A5E}.Debug|x86.ActiveCfg = Debug|x86
		{7CD2ABA3-77C0-46CE-86C9-89563EC48A5E}.Debug|x86.Build.0 = Debug|x86
		{7CD2ABA3-77C0-46CE-86C9-89563EC48A5E}.Release|Any CPU.ActiveCfg = Release|Any CPU
		{7CD2ABA3-77C0-46CE-86C9-89563EC48A5E}.Release|Any CPU.Build.0 = Release|Any CPU
		{7CD2ABA3-77C0-46CE-86C9-89563EC48A5E}.Release|x64.ActiveCfg = Release|x64
		{7CD2ABA3-77C0-46CE-86C9-89563EC48A5E}.Release|x64.Build.0 = Release|x64
		{7CD2ABA3-77C0-46CE-86C9-89563EC48A5E}.Release|x86.ActiveCfg = Release|x86
		{7CD2ABA3-77C0-46CE-86C9-89563EC48A5E}.Release|x86.Build.0 = Release|x86
		{77719C0D-7C8B-4B9E-A644-AEE7CEB35134}.Debug|Any CPU.ActiveCfg = Debug|Any CPU
		{77719C0D-7C8B-4B9E-A644-AEE7CEB35134}.Debug|Any CPU.Build.0 = Debug|Any CPU
		{77719C0D-7C8B-4B9E-A644-AEE7CEB35134}.Debug|x64.ActiveCfg = Debug|x64
		{77719C0D-7C8B-4B9E-A644-AEE7CEB35134}.Debug|x64.Build.0 = Debug|x64
		{77719C0D-7C8B-4B9E-A644-AEE7CEB35134}.Debug|x86.ActiveCfg = Debug|x86
		{77719C0D-7C8B-4B9E-A644-AEE7CEB35134}.Debug|x86.Build.0 = Debug|x86
		{77719C0D-7C8B-4B9E-A644-AEE7CEB35134}.Release|Any CPU.ActiveCfg = Release|Any CPU
		{77719C0D-7C8B-4B9E-A644-AEE7CEB35134}.Release|Any CPU.Build.0 = Release|Any CPU
		{77719C0D-7C8B-4B9E-A644-AEE7CEB35134}.Release|x64.ActiveCfg = Release|x64
		{77719C0D-7C8B-4B9E-A644-AEE7CEB35134}.Release|x64.Build.0 = Release|x64
		{77719C0D-7C8B-4B9E-A644-AEE7CEB35134}.Release|x86.ActiveCfg = Release|x86
		{77719C0D-7C8B-4B9E-A644-AEE7CEB35134}.Release|x86.Build.0 = Release|x86
		{1410C4F4-A7C5-40B3-8693-50D3E84ACEA8}.Debug|Any CPU.ActiveCfg = Debug|Any CPU
		{1410C4F4-A7C5-40B3-8693-50D3E84ACEA8}.Debug|Any CPU.Build.0 = Debug|Any CPU
		{1410C4F4-A7C5-40B3-8693-50D3E84ACEA8}.Debug|x64.ActiveCfg = Debug|x64
		{1410C4F4-A7C5-40B3-8693-50D3E84ACEA8}.Debug|x64.Build.0 = Debug|x64
		{1410C4F4-A7C5-40B3-8693-50D3E84ACEA8}.Debug|x86.ActiveCfg = Debug|x86
		{1410C4F4-A7C5-40B3-8693-50D3E84ACEA8}.Debug|x86.Build.0 = Debug|x86
		{1410C4F4-A7C5-40B3-8693-50D3E84ACEA8}.Release|Any CPU.ActiveCfg = Release|Any CPU
		{1410C4F4-A7C5-40B3-8693-50D3E84ACEA8}.Release|Any CPU.Build.0 = Release|Any CPU
		{1410C4F4-A7C5-40B3-8693-50D3E84ACEA8}.Release|x64.ActiveCfg = Release|x64
		{1410C4F4-A7C5-40B3-8693-50D3E84ACEA8}.Release|x64.Build.0 = Release|x64
		{1410C4F4-A7C5-40B3-8693-50D3E84ACEA8}.Release|x86.ActiveCfg = Release|x86
		{1410C4F4-A7C5-40B3-8693-50D3E84ACEA8}.Release|x86.Build.0 = Release|x86
	EndGlobalSection
	GlobalSection(SolutionProperties) = preSolution
		HideSolutionNode = FALSE
	EndGlobalSection
	GlobalSection(ExtensibilityGlobals) = postSolution
		SolutionGuid = {D0F68A82-94A9-44D3-BDC4-A620D1B3BED1}
	EndGlobalSection
EndGlobal
