
Microsoft Visual Studio Solution File, Format Version 12.00
# Visual Studio Version 16
VisualStudioVersion = 16.0.29409.12
MinimumVisualStudioVersion = 10.0.40219.1
Project("{9A19103F-16F7-4668-BE54-9A1E7A4F7556}") = "SunamoNTextCat", "SunamoNTextCat\SunamoNTextCat.csproj", "{2AEE73E8-2FC4-456F-9684-32CA549A1DEC}"
EndProject
Project("{9A19103F-16F7-4668-BE54-9A1E7A4F7556}") = "SunamoTranslate", "SunamoTranslate\SunamoTranslate.csproj", "{E86B6DF4-4ABA-4ADA-979B-6114B1A10BAB}"
EndProject
Project("{9A19103F-16F7-4668-BE54-9A1E7A4F7556}") = "SunamoYt", "SunamoYt\SunamoYt.csproj", "{DD0A1FFE-93D0-4AED-972D-930A09E51D4E}"
EndProject
Project("{9A19103F-16F7-4668-BE54-9A1E7A4F7556}") = "GDataYoutube", "..\Credentials\GDataYoutube\GDataYoutube.csproj", "{59F7FBDE-0200-475F-876B-96F3C31F6CA5}"
EndProject
Project("{9A19103F-16F7-4668-BE54-9A1E7A4F7556}") = "GDataTranslate", "..\Credentials\GDataTranslate\GDataTranslate.csproj", "{3A0983F3-A403-4FF7-AFC8-833E7B943240}"
EndProject
Project("{FAE04EC0-301F-11D3-BF4B-00C04F79EFBC}") = "sunamo", "..\sunamo\sunamo\sunamo.csproj", "{F6F92307-B0B3-4D6C-BD9C-8B5FF5560DCF}"
EndProject
Project("{FAE04EC0-301F-11D3-BF4B-00C04F79EFBC}") = "shared", "..\sunamo\shared\shared.csproj", "{77719C0D-7C8B-4B9E-A644-AEE7CEB35134}"
EndProject
Project("{FAE04EC0-301F-11D3-BF4B-00C04F79EFBC}") = "SunamoSlnGen", "SunamoSlnGen\SunamoSlnGen.csproj", "{D8C7950E-81D1-4C18-B410-3646EA1DA53E}"
EndProject
Global
	GlobalSection(SolutionConfigurationPlatforms) = preSolution
		Debug|Any CPU = Debug|Any CPU
		Debug|x64 = Debug|x64
		Debug|x86 = Debug|x86
		Release|Any CPU = Release|Any CPU
		Release|x64 = Release|x64
		Release|x86 = Release|x86
	EndGlobalSection
	GlobalSection(ProjectConfigurationPlatforms) = postSolution
		{2AEE73E8-2FC4-456F-9684-32CA549A1DEC}.Debug|Any CPU.ActiveCfg = Debug|Any CPU
		{2AEE73E8-2FC4-456F-9684-32CA549A1DEC}.Debug|Any CPU.Build.0 = Debug|Any CPU
		{2AEE73E8-2FC4-456F-9684-32CA549A1DEC}.Debug|x64.ActiveCfg = Debug|Any CPU
		{2AEE73E8-2FC4-456F-9684-32CA549A1DEC}.Debug|x64.Build.0 = Debug|Any CPU
		{2AEE73E8-2FC4-456F-9684-32CA549A1DEC}.Debug|x86.ActiveCfg = Debug|Any CPU
		{2AEE73E8-2FC4-456F-9684-32CA549A1DEC}.Debug|x86.Build.0 = Debug|Any CPU
		{2AEE73E8-2FC4-456F-9684-32CA549A1DEC}.Release|Any CPU.ActiveCfg = Release|Any CPU
		{2AEE73E8-2FC4-456F-9684-32CA549A1DEC}.Release|Any CPU.Build.0 = Release|Any CPU
		{2AEE73E8-2FC4-456F-9684-32CA549A1DEC}.Release|x64.ActiveCfg = Release|Any CPU
		{2AEE73E8-2FC4-456F-9684-32CA549A1DEC}.Release|x64.Build.0 = Release|Any CPU
		{2AEE73E8-2FC4-456F-9684-32CA549A1DEC}.Release|x86.ActiveCfg = Release|Any CPU
		{2AEE73E8-2FC4-456F-9684-32CA549A1DEC}.Release|x86.Build.0 = Release|Any CPU
		{E86B6DF4-4ABA-4ADA-979B-6114B1A10BAB}.Debug|Any CPU.ActiveCfg = Debug|Any CPU
		{E86B6DF4-4ABA-4ADA-979B-6114B1A10BAB}.Debug|Any CPU.Build.0 = Debug|Any CPU
		{E86B6DF4-4ABA-4ADA-979B-6114B1A10BAB}.Debug|x64.ActiveCfg = Debug|Any CPU
		{E86B6DF4-4ABA-4ADA-979B-6114B1A10BAB}.Debug|x64.Build.0 = Debug|Any CPU
		{E86B6DF4-4ABA-4ADA-979B-6114B1A10BAB}.Debug|x86.ActiveCfg = Debug|Any CPU
		{E86B6DF4-4ABA-4ADA-979B-6114B1A10BAB}.Debug|x86.Build.0 = Debug|Any CPU
		{E86B6DF4-4ABA-4ADA-979B-6114B1A10BAB}.Release|Any CPU.ActiveCfg = Release|Any CPU
		{E86B6DF4-4ABA-4ADA-979B-6114B1A10BAB}.Release|Any CPU.Build.0 = Release|Any CPU
		{E86B6DF4-4ABA-4ADA-979B-6114B1A10BAB}.Release|x64.ActiveCfg = Release|Any CPU
		{E86B6DF4-4ABA-4ADA-979B-6114B1A10BAB}.Release|x64.Build.0 = Release|Any CPU
		{E86B6DF4-4ABA-4ADA-979B-6114B1A10BAB}.Release|x86.ActiveCfg = Release|Any CPU
		{E86B6DF4-4ABA-4ADA-979B-6114B1A10BAB}.Release|x86.Build.0 = Release|Any CPU
		{DD0A1FFE-93D0-4AED-972D-930A09E51D4E}.Debug|Any CPU.ActiveCfg = Debug|Any CPU
		{DD0A1FFE-93D0-4AED-972D-930A09E51D4E}.Debug|Any CPU.Build.0 = Debug|Any CPU
		{DD0A1FFE-93D0-4AED-972D-930A09E51D4E}.Debug|x64.ActiveCfg = Debug|Any CPU
		{DD0A1FFE-93D0-4AED-972D-930A09E51D4E}.Debug|x64.Build.0 = Debug|Any CPU
		{DD0A1FFE-93D0-4AED-972D-930A09E51D4E}.Debug|x86.ActiveCfg = Debug|Any CPU
		{DD0A1FFE-93D0-4AED-972D-930A09E51D4E}.Debug|x86.Build.0 = Debug|Any CPU
		{DD0A1FFE-93D0-4AED-972D-930A09E51D4E}.Release|Any CPU.ActiveCfg = Release|Any CPU
		{DD0A1FFE-93D0-4AED-972D-930A09E51D4E}.Release|Any CPU.Build.0 = Release|Any CPU
		{DD0A1FFE-93D0-4AED-972D-930A09E51D4E}.Release|x64.ActiveCfg = Release|Any CPU
		{DD0A1FFE-93D0-4AED-972D-930A09E51D4E}.Release|x64.Build.0 = Release|Any CPU
		{DD0A1FFE-93D0-4AED-972D-930A09E51D4E}.Release|x86.ActiveCfg = Release|Any CPU
		{DD0A1FFE-93D0-4AED-972D-930A09E51D4E}.Release|x86.Build.0 = Release|Any CPU
		{59F7FBDE-0200-475F-876B-96F3C31F6CA5}.Debug|Any CPU.ActiveCfg = Debug|Any CPU
		{59F7FBDE-0200-475F-876B-96F3C31F6CA5}.Debug|Any CPU.Build.0 = Debug|Any CPU
		{59F7FBDE-0200-475F-876B-96F3C31F6CA5}.Debug|x64.ActiveCfg = Debug|Any CPU
		{59F7FBDE-0200-475F-876B-96F3C31F6CA5}.Debug|x64.Build.0 = Debug|Any CPU
		{59F7FBDE-0200-475F-876B-96F3C31F6CA5}.Debug|x86.ActiveCfg = Debug|Any CPU
		{59F7FBDE-0200-475F-876B-96F3C31F6CA5}.Debug|x86.Build.0 = Debug|Any CPU
		{59F7FBDE-0200-475F-876B-96F3C31F6CA5}.Release|Any CPU.ActiveCfg = Release|Any CPU
		{59F7FBDE-0200-475F-876B-96F3C31F6CA5}.Release|Any CPU.Build.0 = Release|Any CPU
		{59F7FBDE-0200-475F-876B-96F3C31F6CA5}.Release|x64.ActiveCfg = Release|Any CPU
		{59F7FBDE-0200-475F-876B-96F3C31F6CA5}.Release|x64.Build.0 = Release|Any CPU
		{59F7FBDE-0200-475F-876B-96F3C31F6CA5}.Release|x86.ActiveCfg = Release|Any CPU
		{59F7FBDE-0200-475F-876B-96F3C31F6CA5}.Release|x86.Build.0 = Release|Any CPU
		{3A0983F3-A403-4FF7-AFC8-833E7B943240}.Debug|Any CPU.ActiveCfg = Debug|Any CPU
		{3A0983F3-A403-4FF7-AFC8-833E7B943240}.Debug|Any CPU.Build.0 = Debug|Any CPU
		{3A0983F3-A403-4FF7-AFC8-833E7B943240}.Debug|x64.ActiveCfg = Debug|Any CPU
		{3A0983F3-A403-4FF7-AFC8-833E7B943240}.Debug|x64.Build.0 = Debug|Any CPU
		{3A0983F3-A403-4FF7-AFC8-833E7B943240}.Debug|x86.ActiveCfg = Debug|Any CPU
		{3A0983F3-A403-4FF7-AFC8-833E7B943240}.Debug|x86.Build.0 = Debug|Any CPU
		{3A0983F3-A403-4FF7-AFC8-833E7B943240}.Release|Any CPU.ActiveCfg = Release|Any CPU
		{3A0983F3-A403-4FF7-AFC8-833E7B943240}.Release|Any CPU.Build.0 = Release|Any CPU
		{3A0983F3-A403-4FF7-AFC8-833E7B943240}.Release|x64.ActiveCfg = Release|Any CPU
		{3A0983F3-A403-4FF7-AFC8-833E7B943240}.Release|x64.Build.0 = Release|Any CPU
		{3A0983F3-A403-4FF7-AFC8-833E7B943240}.Release|x86.ActiveCfg = Release|Any CPU
		{3A0983F3-A403-4FF7-AFC8-833E7B943240}.Release|x86.Build.0 = Release|Any CPU
		{F6F92307-B0B3-4D6C-BD9C-8B5FF5560DCF}.Debug|Any CPU.ActiveCfg = Debug|Any CPU
		{F6F92307-B0B3-4D6C-BD9C-8B5FF5560DCF}.Debug|Any CPU.Build.0 = Debug|Any CPU
		{F6F92307-B0B3-4D6C-BD9C-8B5FF5560DCF}.Debug|x64.ActiveCfg = Debug|Any CPU
		{F6F92307-B0B3-4D6C-BD9C-8B5FF5560DCF}.Debug|x64.Build.0 = Debug|Any CPU
		{F6F92307-B0B3-4D6C-BD9C-8B5FF5560DCF}.Debug|x86.ActiveCfg = Debug|Any CPU
		{F6F92307-B0B3-4D6C-BD9C-8B5FF5560DCF}.Debug|x86.Build.0 = Debug|Any CPU
		{F6F92307-B0B3-4D6C-BD9C-8B5FF5560DCF}.Release|Any CPU.ActiveCfg = Release|Any CPU
		{F6F92307-B0B3-4D6C-BD9C-8B5FF5560DCF}.Release|Any CPU.Build.0 = Release|Any CPU
		{F6F92307-B0B3-4D6C-BD9C-8B5FF5560DCF}.Release|x64.ActiveCfg = Release|Any CPU
		{F6F92307-B0B3-4D6C-BD9C-8B5FF5560DCF}.Release|x64.Build.0 = Release|Any CPU
		{F6F92307-B0B3-4D6C-BD9C-8B5FF5560DCF}.Release|x86.ActiveCfg = Release|Any CPU
		{F6F92307-B0B3-4D6C-BD9C-8B5FF5560DCF}.Release|x86.Build.0 = Release|Any CPU
		{77719C0D-7C8B-4B9E-A644-AEE7CEB35134}.Debug|Any CPU.ActiveCfg = Debug|Any CPU
		{77719C0D-7C8B-4B9E-A644-AEE7CEB35134}.Debug|Any CPU.Build.0 = Debug|Any CPU
		{77719C0D-7C8B-4B9E-A644-AEE7CEB35134}.Debug|x64.ActiveCfg = Debug|x64
		{77719C0D-7C8B-4B9E-A644-AEE7CEB35134}.Debug|x64.Build.0 = Debug|x64
		{77719C0D-7C8B-4B9E-A644-AEE7CEB35134}.Debug|x86.ActiveCfg = Debug|x86
		{77719C0D-7C8B-4B9E-A644-AEE7CEB35134}.Debug|x86.Build.0 = Debug|x86
		{77719C0D-7C8B-4B9E-A644-AEE7CEB35134}.Release|Any CPU.ActiveCfg = Release|Any CPU
		{77719C0D-7C8B-4B9E-A644-AEE7CEB35134}.Release|Any CPU.Build.0 = Release|Any CPU
		{77719C0D-7C8B-4B9E-A644-AEE7CEB35134}.Release|x64.ActiveCfg = Release|x64
		{77719C0D-7C8B-4B9E-A644-AEE7CEB35134}.Release|x64.Build.0 = Release|x64
		{77719C0D-7C8B-4B9E-A644-AEE7CEB35134}.Release|x86.ActiveCfg = Release|x86
		{77719C0D-7C8B-4B9E-A644-AEE7CEB35134}.Release|x86.Build.0 = Release|x86
		{D8C7950E-81D1-4C18-B410-3646EA1DA53E}.Debug|Any CPU.ActiveCfg = Debug|Any CPU
		{D8C7950E-81D1-4C18-B410-3646EA1DA53E}.Debug|Any CPU.Build.0 = Debug|Any CPU
		{D8C7950E-81D1-4C18-B410-3646EA1DA53E}.Debug|x64.ActiveCfg = Debug|Any CPU
		{D8C7950E-81D1-4C18-B410-3646EA1DA53E}.Debug|x64.Build.0 = Debug|Any CPU
		{D8C7950E-81D1-4C18-B410-3646EA1DA53E}.Debug|x86.ActiveCfg = Debug|Any CPU
		{D8C7950E-81D1-4C18-B410-3646EA1DA53E}.Debug|x86.Build.0 = Debug|Any CPU
		{D8C7950E-81D1-4C18-B410-3646EA1DA53E}.Release|Any CPU.ActiveCfg = Release|Any CPU
		{D8C7950E-81D1-4C18-B410-3646EA1DA53E}.Release|Any CPU.Build.0 = Release|Any CPU
		{D8C7950E-81D1-4C18-B410-3646EA1DA53E}.Release|x64.ActiveCfg = Release|Any CPU
		{D8C7950E-81D1-4C18-B410-3646EA1DA53E}.Release|x64.Build.0 = Release|Any CPU
		{D8C7950E-81D1-4C18-B410-3646EA1DA53E}.Release|x86.ActiveCfg = Release|Any CPU
		{D8C7950E-81D1-4C18-B410-3646EA1DA53E}.Release|x86.Build.0 = Release|Any CPU
	EndGlobalSection
	GlobalSection(SolutionProperties) = preSolution
		HideSolutionNode = FALSE
	EndGlobalSection
	GlobalSection(ExtensibilityGlobals) = postSolution
		SolutionGuid = {D0F68A82-94A9-44D3-BDC4-A620D1B3BED1}
	EndGlobalSection
EndGlobal
